{
  "pins" : [
    {
      "identity" : "swiftformat",
      "kind" : "remoteSourceControl",
      "location" : "https://github.com/nicklockwood/SwiftFormat",
      "state" : {
        "branch" : "master",
        "revision" : "ae4d0b672cd7094ae513097c617951a5ac714418"
      }
    }
  ],
  "version" : 2
}
