{
  "pins" : [
    {
      "identity" : "rxswift",
      "kind" : "remoteSourceControl",
      "location" : "https://github.com/ReactiveX/RxSwift",
      "state" : {
        "branch" : "main",
        "revision" : "65bec4c253418c46ddc136424f46f333f086be1a"
      }
    },
    {
      "identity" : "swiftformat",
      "kind" : "remoteSourceControl",
      "location" : "https://github.com/nicklockwood/SwiftFormat",
      "state" : {
        "branch" : "master",
        "revision" : "440db3030205e6d19bfb88e5d83b8aa87e15874a"
      }
    }
  ],
  "version" : 2
}
